
Microsoft Visual Studio Solution File, Format Version 12.00
# Visual Studio Version 16
VisualStudioVersion = 16.0.29209.62
MinimumVisualStudioVersion = 10.0.40219.1
Project("{9A19103F-16F7-4668-BE54-9A1E7A4F7556}") = "SaldoBancarioAPI", "SaldoBancarioAPI\SaldoBancarioAPI.csproj", "{97D7B505-1916-4650-948C-70429DE1F85C}"
EndProject
Project("{9A19103F-16F7-4668-BE54-9A1E7A4F7556}") = "OFXParser", "ofxparser.netcore\OFXParser\OFXParser.csproj", "{BA586908-4F4E-4ABA-BBF7-5D16F911D0BD}"
EndProject
Global
	GlobalSection(SolutionConfigurationPlatforms) = preSolution
		Debug|Any CPU = Debug|Any CPU
		Release|Any CPU = Release|Any CPU
	EndGlobalSection
	GlobalSection(ProjectConfigurationPlatforms) = postSolution
		{97D7B505-1916-4650-948C-70429DE1F85C}.Debug|Any CPU.ActiveCfg = Debug|Any CPU
		{97D7B505-1916-4650-948C-70429DE1F85C}.Debug|Any CPU.Build.0 = Debug|Any CPU
		{97D7B505-1916-4650-948C-70429DE1F85C}.Release|Any CPU.ActiveCfg = Release|Any CPU
		{97D7B505-1916-4650-948C-70429DE1F85C}.Release|Any CPU.Build.0 = Release|Any CPU
		{BA586908-4F4E-4ABA-BBF7-5D16F911D0BD}.Debug|Any CPU.ActiveCfg = Debug|Any CPU
		{BA586908-4F4E-4ABA-BBF7-5D16F911D0BD}.Debug|Any CPU.Build.0 = Debug|Any CPU
		{BA586908-4F4E-4ABA-BBF7-5D16F911D0BD}.Release|Any CPU.ActiveCfg = Release|Any CPU
		{BA586908-4F4E-4ABA-BBF7-5D16F911D0BD}.Release|Any CPU.Build.0 = Release|Any CPU
	EndGlobalSection
	GlobalSection(SolutionProperties) = preSolution
		HideSolutionNode = FALSE
	EndGlobalSection
	GlobalSection(ExtensibilityGlobals) = postSolution
		SolutionGuid = {945CA5E5-BF47-4DC2-B132-B0C767797A13}
	EndGlobalSection
EndGlobal
